github.com/go-resty/resty/v2 v2.16.0 h1:qpKalHWI2bpp9BIKlyT8TYWEJXOk1NuKbfiT3RRnzWc=
github.com/go-resty/resty/v2 v2.16.0/go.mod h1:0fHAoK7JoBy/Ch36N8VFeMsK7xQOHhvWaC3iOktwmIU=
github.com/waymen/hello v1.0.0 h1:/MTXFnYtV3X+czOFCV4FYGspbbla9RnHpaDyNFxnuPI=
github.com/waymen/hello v1.0.0/go.mod h1:dnKY059s26rEocFo2B9+29vKCq8mTpKDDcoociIFSew=
golang.org/x/net v0.27.0 h1:5K3Njcw06/l2y9vpGCSdcxWOYHOUk3dVNGDXN+FvAys=
golang.org/x/net v0.27.0/go.mod h1:dDi0PyhWNoiUOrAS8uXv/vnScO4wnHQO4mj9fn/RytE=
